
Microsoft Visual Studio Solution File, Format Version 12.00
Project("{FAE04EC0-301F-11D3-BF4B-00C04F79EFBC}") = "Application", "responsibleTickets\src\Application\Application.csproj", "{6D37DC51-746B-4950-8664-1FAA273DCB0B}"
EndProject
Project("{FAE04EC0-301F-11D3-BF4B-00C04F79EFBC}") = "Domain", "responsibleTickets\src\Domain\Domain.csproj", "{7F0DD9A5-8DC7-4929-A34E-C10B7D28EE96}"
EndProject
Project("{FAE04EC0-301F-11D3-BF4B-00C04F79EFBC}") = "Infrastructure", "responsibleTickets\src\Infrastructure\Infrastructure.csproj", "{DACB3A88-C06A-42A7-9C94-3FD086955863}"
EndProject
Project("{FAE04EC0-301F-11D3-BF4B-00C04F79EFBC}") = "Web", "responsibleTickets\src\Web\Web.csproj", "{218B51C2-F145-4FD4-91D7-9E9545BA5DAA}"
EndProject
Project("{FAE04EC0-301F-11D3-BF4B-00C04F79EFBC}") = "Application.FunctionalTests", "responsibleTickets\tests\Application.FunctionalTests\Application.FunctionalTests.csproj", "{BD0156DC-C110-4592-856D-2B381FAC6975}"
EndProject
Project("{FAE04EC0-301F-11D3-BF4B-00C04F79EFBC}") = "Application.UnitTests", "responsibleTickets\tests\Application.UnitTests\Application.UnitTests.csproj", "{420B9B7D-C73C-495A-888C-095CAAE25275}"
EndProject
Project("{FAE04EC0-301F-11D3-BF4B-00C04F79EFBC}") = "Domain.UnitTests", "responsibleTickets\tests\Domain.UnitTests\Domain.UnitTests.csproj", "{B39DE3DE-4B38-4F57-8C1C-C43B9600DF67}"
EndProject
Project("{FAE04EC0-301F-11D3-BF4B-00C04F79EFBC}") = "Infrastructure.IntegrationTests", "responsibleTickets\tests\Infrastructure.IntegrationTests\Infrastructure.IntegrationTests.csproj", "{FFA13B0A-A30F-4BE8-A0A3-B307624CC9D8}"
EndProject
Project("{FAE04EC0-301F-11D3-BF4B-00C04F79EFBC}") = "Web.AcceptanceTests", "responsibleTickets\tests\Web.AcceptanceTests\Web.AcceptanceTests.csproj", "{BC8D4D6D-BEF0-451A-A339-41E15168679C}"
EndProject
Global
	GlobalSection(SolutionConfigurationPlatforms) = preSolution
		Debug|Any CPU = Debug|Any CPU
		Release|Any CPU = Release|Any CPU
	EndGlobalSection
	GlobalSection(ProjectConfigurationPlatforms) = postSolution
		{6D37DC51-746B-4950-8664-1FAA273DCB0B}.Debug|Any CPU.ActiveCfg = Debug|Any CPU
		{6D37DC51-746B-4950-8664-1FAA273DCB0B}.Debug|Any CPU.Build.0 = Debug|Any CPU
		{6D37DC51-746B-4950-8664-1FAA273DCB0B}.Release|Any CPU.ActiveCfg = Release|Any CPU
		{6D37DC51-746B-4950-8664-1FAA273DCB0B}.Release|Any CPU.Build.0 = Release|Any CPU
		{7F0DD9A5-8DC7-4929-A34E-C10B7D28EE96}.Debug|Any CPU.ActiveCfg = Debug|Any CPU
		{7F0DD9A5-8DC7-4929-A34E-C10B7D28EE96}.Debug|Any CPU.Build.0 = Debug|Any CPU
		{7F0DD9A5-8DC7-4929-A34E-C10B7D28EE96}.Release|Any CPU.ActiveCfg = Release|Any CPU
		{7F0DD9A5-8DC7-4929-A34E-C10B7D28EE96}.Release|Any CPU.Build.0 = Release|Any CPU
		{DACB3A88-C06A-42A7-9C94-3FD086955863}.Debug|Any CPU.ActiveCfg = Debug|Any CPU
		{DACB3A88-C06A-42A7-9C94-3FD086955863}.Debug|Any CPU.Build.0 = Debug|Any CPU
		{DACB3A88-C06A-42A7-9C94-3FD086955863}.Release|Any CPU.ActiveCfg = Release|Any CPU
		{DACB3A88-C06A-42A7-9C94-3FD086955863}.Release|Any CPU.Build.0 = Release|Any CPU
		{218B51C2-F145-4FD4-91D7-9E9545BA5DAA}.Debug|Any CPU.ActiveCfg = Debug|Any CPU
		{218B51C2-F145-4FD4-91D7-9E9545BA5DAA}.Debug|Any CPU.Build.0 = Debug|Any CPU
		{218B51C2-F145-4FD4-91D7-9E9545BA5DAA}.Release|Any CPU.ActiveCfg = Release|Any CPU
		{218B51C2-F145-4FD4-91D7-9E9545BA5DAA}.Release|Any CPU.Build.0 = Release|Any CPU
		{BD0156DC-C110-4592-856D-2B381FAC6975}.Debug|Any CPU.ActiveCfg = Debug|Any CPU
		{BD0156DC-C110-4592-856D-2B381FAC6975}.Debug|Any CPU.Build.0 = Debug|Any CPU
		{BD0156DC-C110-4592-856D-2B381FAC6975}.Release|Any CPU.ActiveCfg = Release|Any CPU
		{BD0156DC-C110-4592-856D-2B381FAC6975}.Release|Any CPU.Build.0 = Release|Any CPU
		{420B9B7D-C73C-495A-888C-095CAAE25275}.Debug|Any CPU.ActiveCfg = Debug|Any CPU
		{420B9B7D-C73C-495A-888C-095CAAE25275}.Debug|Any CPU.Build.0 = Debug|Any CPU
		{420B9B7D-C73C-495A-888C-095CAAE25275}.Release|Any CPU.ActiveCfg = Release|Any CPU
		{420B9B7D-C73C-495A-888C-095CAAE25275}.Release|Any CPU.Build.0 = Release|Any CPU
		{B39DE3DE-4B38-4F57-8C1C-C43B9600DF67}.Debug|Any CPU.ActiveCfg = Debug|Any CPU
		{B39DE3DE-4B38-4F57-8C1C-C43B9600DF67}.Debug|Any CPU.Build.0 = Debug|Any CPU
		{B39DE3DE-4B38-4F57-8C1C-C43B9600DF67}.Release|Any CPU.ActiveCfg = Release|Any CPU
		{B39DE3DE-4B38-4F57-8C1C-C43B9600DF67}.Release|Any CPU.Build.0 = Release|Any CPU
		{FFA13B0A-A30F-4BE8-A0A3-B307624CC9D8}.Debug|Any CPU.ActiveCfg = Debug|Any CPU
		{FFA13B0A-A30F-4BE8-A0A3-B307624CC9D8}.Debug|Any CPU.Build.0 = Debug|Any CPU
		{FFA13B0A-A30F-4BE8-A0A3-B307624CC9D8}.Release|Any CPU.ActiveCfg = Release|Any CPU
		{FFA13B0A-A30F-4BE8-A0A3-B307624CC9D8}.Release|Any CPU.Build.0 = Release|Any CPU
		{BC8D4D6D-BEF0-451A-A339-41E15168679C}.Debug|Any CPU.ActiveCfg = Debug|Any CPU
		{BC8D4D6D-BEF0-451A-A339-41E15168679C}.Debug|Any CPU.Build.0 = Debug|Any CPU
		{BC8D4D6D-BEF0-451A-A339-41E15168679C}.Release|Any CPU.ActiveCfg = Release|Any CPU
		{BC8D4D6D-BEF0-451A-A339-41E15168679C}.Release|Any CPU.Build.0 = Release|Any CPU
	EndGlobalSection
EndGlobal
